// !$*UTF8*$!
{
	archiveVersion = 1;
	classes = {
	};
	objectVersion = 46;
	objects = {

/* Begin PBXBuildFile section */
		CE4035F11A5DC14E0084C9DC /* main.m in Sources */ = {isa = PBXBuildFile; fileRef = CE4035F01A5DC14E0084C9DC /* main.m */; };
		CE4035F41A5DC14E0084C9DC /* AppDelegate.m in Sources */ = {isa = PBXBuildFile; fileRef = CE4035F31A5DC14E0084C9DC /* AppDelegate.m */; };
		CE4035FC1A5DC14E0084C9DC /* Images.xcassets in Resources */ = {isa = PBXBuildFile; fileRef = CE4035FB1A5DC14E0084C9DC /* Images.xcassets */; };
		CE40360B1A5DC14E0084C9DC /* KRPulsingOverlayViewDemoTests.m in Sources */ = {isa = PBXBuildFile; fileRef = CE40360A1A5DC14E0084C9DC /* KRPulsingOverlayViewDemoTests.m */; };
		CE4036171A5DC1A30084C9DC /* KRPulsingOverlayViewController.m in Sources */ = {isa = PBXBuildFile; fileRef = CE4036151A5DC1A30084C9DC /* KRPulsingOverlayViewController.m */; };
		CE4036181A5DC1A30084C9DC /* KRPulsingOverlayViewController.xib in Resources */ = {isa = PBXBuildFile; fileRef = CE4036161A5DC1A30084C9DC /* KRPulsingOverlayViewController.xib */; };
		CE40361C1A5DC1F90084C9DC /* KRPulsingOverlayView.m in Sources */ = {isa = PBXBuildFile; fileRef = CE40361B1A5DC1F90084C9DC /* KRPulsingOverlayView.m */; };
/* End PBXBuildFile section */

/* Begin PBXContainerItemProxy section */
		CE4036051A5DC14E0084C9DC /* PBXContainerItemProxy */ = {
			isa = PBXContainerItemProxy;
			containerPortal = CE4035E31A5DC14E0084C9DC /* Project object */;
			proxyType = 1;
			remoteGlobalIDString = CE4035EA1A5DC14E0084C9DC;
			remoteInfo = KRPulsingOverlayViewDemo;
		};
/* End PBXContainerItemProxy section */

/* Begin PBXFileReference section */
		CE4035EB1A5DC14E0084C9DC /* KRPulsingOverlayViewDemo.app */ = {isa = PBXFileReference; explicitFileType = wrapper.application; includeInIndex = 0; path = KRPulsingOverlayViewDemo.app; sourceTree = BUILT_PRODUCTS_DIR; };
		CE4035EF1A5DC14E0084C9DC /* Info.plist */ = {isa = PBXFileReference; lastKnownFileType = text.plist.xml; path = Info.plist; sourceTree = "<group>"; };
		CE4035F01A5DC14E0084C9DC /* main.m */ = {isa = PBXFileReference; lastKnownFileType = sourcecode.c.objc; path = main.m; sourceTree = "<group>"; };
		CE4035F21A5DC14E0084C9DC /* AppDelegate.h */ = {isa = PBXFileReference; lastKnownFileType = sourcecode.c.h; path = AppDelegate.h; sourceTree = "<group>"; };
		CE4035F31A5DC14E0084C9DC /* AppDelegate.m */ = {isa = PBXFileReference; lastKnownFileType = sourcecode.c.objc; path = AppDelegate.m; sourceTree = "<group>"; };
		CE4035FB1A5DC14E0084C9DC /* Images.xcassets */ = {isa = PBXFileReference; lastKnownFileType = folder.assetcatalog; path = Images.xcassets; sourceTree = "<group>"; };
		CE4036041A5DC14E0084C9DC /* KRPulsingOverlayViewDemoTests.xctest */ = {isa = PBXFileReference; explicitFileType = wrapper.cfbundle; includeInIndex = 0; path = KRPulsingOverlayViewDemoTests.xctest; sourceTree = BUILT_PRODUCTS_DIR; };
		CE4036091A5DC14E0084C9DC /* Info.plist */ = {isa = PBXFileReference; lastKnownFileType = text.plist.xml; path = Info.plist; sourceTree = "<group>"; };
		CE40360A1A5DC14E0084C9DC /* KRPulsingOverlayViewDemoTests.m */ = {isa = PBXFileReference; lastKnownFileType = sourcecode.c.objc; path = KRPulsingOverlayViewDemoTests.m; sourceTree = "<group>"; };
		CE4036141A5DC1A30084C9DC /* KRPulsingOverlayViewController.h */ = {isa = PBXFileReference; fileEncoding = 4; lastKnownFileType = sourcecode.c.h; path = KRPulsingOverlayViewController.h; sourceTree = "<group>"; };
		CE4036151A5DC1A30084C9DC /* KRPulsingOverlayViewController.m */ = {isa = PBXFileReference; fileEncoding = 4; lastKnownFileType = sourcecode.c.objc; path = KRPulsingOverlayViewController.m; sourceTree = "<group>"; };
		CE4036161A5DC1A30084C9DC /* KRPulsingOverlayViewController.xib */ = {isa = PBXFileReference; fileEncoding = 4; lastKnownFileType = file.xib; path = KRPulsingOverlayViewController.xib; sourceTree = "<group>"; };
		CE40361A1A5DC1F90084C9DC /* KRPulsingOverlayView.h */ = {isa = PBXFileReference; fileEncoding = 4; lastKnownFileType = sourcecode.c.h; path = KRPulsingOverlayView.h; sourceTree = "<group>"; };
		CE40361B1A5DC1F90084C9DC /* KRPulsingOverlayView.m */ = {isa = PBXFileReference; fileEncoding = 4; lastKnownFileType = sourcecode.c.objc; path = KRPulsingOverlayView.m; sourceTree = "<group>"; };
/* End PBXFileReference section */

/* Begin PBXFrameworksBuildPhase section */
		CE4035E81A5DC14E0084C9DC /* Frameworks */ = {
			isa = PBXFrameworksBuildPhase;
			buildActionMask = 2147483647;
			files = (
			);
			runOnlyForDeploymentPostprocessing = 0;
		};
		CE4036011A5DC14E0084C9DC /* Frameworks */ = {
			isa = PBXFrameworksBuildPhase;
			buildActionMask = 2147483647;
			files = (
			);
			runOnlyForDeploymentPostprocessing = 0;
		};
/* End PBXFrameworksBuildPhase section */

/* Begin PBXGroup section */
		CE4035E21A5DC14E0084C9DC = {
			isa = PBXGroup;
			children = (
				CE4035ED1A5DC14E0084C9DC /* KRPulsingOverlayViewDemo */,
				CE4036071A5DC14E0084C9DC /* KRPulsingOverlayViewDemoTests */,
				CE4035EC1A5DC14E0084C9DC /* Products */,
			);
			sourceTree = "<group>";
		};
		CE4035EC1A5DC14E0084C9DC /* Products */ = {
			isa = PBXGroup;
			children = (
				CE4035EB1A5DC14E0084C9DC /* KRPulsingOverlayViewDemo.app */,
				CE4036041A5DC14E0084C9DC /* KRPulsingOverlayViewDemoTests.xctest */,
			);
			name = Products;
			sourceTree = "<group>";
		};
		CE4035ED1A5DC14E0084C9DC /* KRPulsingOverlayViewDemo */ = {
			isa = PBXGroup;
			children = (
				CE4036191A5DC1F90084C9DC /* KRPulsingOverlayView */,
				CE4035F21A5DC14E0084C9DC /* AppDelegate.h */,
				CE4035F31A5DC14E0084C9DC /* AppDelegate.m */,
				CE4035FB1A5DC14E0084C9DC /* Images.xcassets */,
				CE4035EE1A5DC14E0084C9DC /* Supporting Files */,
				CE4036141A5DC1A30084C9DC /* KRPulsingOverlayViewController.h */,
				CE4036151A5DC1A30084C9DC /* KRPulsingOverlayViewController.m */,
				CE4036161A5DC1A30084C9DC /* KRPulsingOverlayViewController.xib */,
			);
			path = KRPulsingOverlayViewDemo;
			sourceTree = "<group>";
		};
		CE4035EE1A5DC14E0084C9DC /* Supporting Files */ = {
			isa = PBXGroup;
			children = (
				CE4035EF1A5DC14E0084C9DC /* Info.plist */,
				CE4035F01A5DC14E0084C9DC /* main.m */,
			);
			name = "Supporting Files";
			sourceTree = "<group>";
		};
		CE4036071A5DC14E0084C9DC /* KRPulsingOverlayViewDemoTests */ = {
			isa = PBXGroup;
			children = (
				CE40360A1A5DC14E0084C9DC /* KRPulsingOverlayViewDemoTests.m */,
				CE4036081A5DC14E0084C9DC /* Supporting Files */,
			);
			path = KRPulsingOverlayViewDemoTests;
			sourceTree = "<group>";
		};
		CE4036081A5DC14E0084C9DC /* Supporting Files */ = {
			isa = PBXGroup;
			children = (
				CE4036091A5DC14E0084C9DC /* Info.plist */,
			);
			name = "Supporting Files";
			sourceTree = "<group>";
		};
		CE4036191A5DC1F90084C9DC /* KRPulsingOverlayView */ = {
			isa = PBXGroup;
			children = (
				CE40361A1A5DC1F90084C9DC /* KRPulsingOverlayView.h */,
				CE40361B1A5DC1F90084C9DC /* KRPulsingOverlayView.m */,
			);
			path = KRPulsingOverlayView;
			sourceTree = "<group>";
		};
/* End PBXGroup section */

/* Begin PBXNativeTarget section */
		CE4035EA1A5DC14E0084C9DC /* KRPulsingOverlayViewDemo */ = {
			isa = PBXNativeTarget;
			buildConfigurationList = CE40360E1A5DC14E0084C9DC /* Build configuration list for PBXNativeTarget "KRPulsingOverlayViewDemo" */;
			buildPhases = (
				CE4035E71A5DC14E0084C9DC /* Sources */,
				CE4035E81A5DC14E0084C9DC /* Frameworks */,
				CE4035E91A5DC14E0084C9DC /* Resources */,
			);
			buildRules = (
			);
			dependencies = (
			);
			name = KRPulsingOverlayViewDemo;
			productName = KRPulsingOverlayViewDemo;
			productReference = CE4035EB1A5DC14E0084C9DC /* KRPulsingOverlayViewDemo.app */;
			productType = "com.apple.product-type.application";
		};
		CE4036031A5DC14E0084C9DC /* KRPulsingOverlayViewDemoTests */ = {
			isa = PBXNativeTarget;
			buildConfigurationList = CE4036111A5DC14E0084C9DC /* Build configuration list for PBXNativeTarget "KRPulsingOverlayViewDemoTests" */;
			buildPhases = (
				CE4036001A5DC14E0084C9DC /* Sources */,
				CE4036011A5DC14E0084C9DC /* Frameworks */,
				CE4036021A5DC14E0084C9DC /* Resources */,
			);
			buildRules = (
			);
			dependencies = (
				CE4036061A5DC14E0084C9DC /* PBXTargetDependency */,
			);
			name = KRPulsingOverlayViewDemoTests;
			productName = KRPulsingOverlayViewDemoTests;
			productReference = CE4036041A5DC14E0084C9DC /* KRPulsingOverlayViewDemoTests.xctest */;
			productType = "com.apple.product-type.bundle.unit-test";
		};
/* End PBXNativeTarget section */

/* Begin PBXProject section */
		CE4035E31A5DC14E0084C9DC /* Project object */ = {
			isa = PBXProject;
			attributes = {
				LastUpgradeCheck = 0610;
				ORGANIZATIONNAME = "Kieran O'Neill";
				TargetAttributes = {
					CE4035EA1A5DC14E0084C9DC = {
						CreatedOnToolsVersion = 6.1.1;
					};
					CE4036031A5DC14E0084C9DC = {
						CreatedOnToolsVersion = 6.1.1;
						TestTargetID = CE4035EA1A5DC14E0084C9DC;
					};
				};
			};
			buildConfigurationList = CE4035E61A5DC14E0084C9DC /* Build configuration list for PBXProject "KRPulsingOverlayViewDemo" */;
			compatibilityVersion = "Xcode 3.2";
			developmentRegion = English;
			hasScannedForEncodings = 0;
			knownRegions = (
				en,
				Base,
			);
			mainGroup = CE4035E21A5DC14E0084C9DC;
			productRefGroup = CE4035EC1A5DC14E0084C9DC /* Products */;
			projectDirPath = "";
			projectRoot = "";
			targets = (
				CE4035EA1A5DC14E0084C9DC /* KRPulsingOverlayViewDemo */,
				CE4036031A5DC14E0084C9DC /* KRPulsingOverlayViewDemoTests */,
			);
		};
/* End PBXProject section */

/* Begin PBXResourcesBuildPhase section */
		CE4035E91A5DC14E0084C9DC /* Resources */ = {
			isa = PBXResourcesBuildPhase;
			buildActionMask = 2147483647;
			files = (
				CE4035FC1A5DC14E0084C9DC /* Images.xcassets in Resources */,
				CE4036181A5DC1A30084C9DC /* KRPulsingOverlayViewController.xib in Resources */,
			);
			runOnlyForDeploymentPostprocessing = 0;
		};
		CE4036021A5DC14E0084C9DC /* Resources */ = {
			isa = PBXResourcesBuildPhase;
			buildActionMask = 2147483647;
			files = (
			);
			runOnlyForDeploymentPostprocessing = 0;
		};
/* End PBXResourcesBuildPhase section */

/* Begin PBXSourcesBuildPhase section */
		CE4035E71A5DC14E0084C9DC /* Sources */ = {
			isa = PBXSourcesBuildPhase;
			buildActionMask = 2147483647;
			files = (
				CE4036171A5DC1A30084C9DC /* KRPulsingOverlayViewController.m in Sources */,
				CE40361C1A5DC1F90084C9DC /* KRPulsingOverlayView.m in Sources */,
				CE4035F41A5DC14E0084C9DC /* AppDelegate.m in Sources */,
				CE4035F11A5DC14E0084C9DC /* main.m in Sources */,
			);
			runOnlyForDeploymentPostprocessing = 0;
		};
		CE4036001A5DC14E0084C9DC /* Sources */ = {
			isa = PBXSourcesBuildPhase;
			buildActionMask = 2147483647;
			files = (
				CE40360B1A5DC14E0084C9DC /* KRPulsingOverlayViewDemoTests.m in Sources */,
			);
			runOnlyForDeploymentPostprocessing = 0;
		};
/* End PBXSourcesBuildPhase section */

/* Begin PBXTargetDependency section */
		CE4036061A5DC14E0084C9DC /* PBXTargetDependency */ = {
			isa = PBXTargetDependency;
			target = CE4035EA1A5DC14E0084C9DC /* KRPulsingOverlayViewDemo */;
			targetProxy = CE4036051A5DC14E0084C9DC /* PBXContainerItemProxy */;
		};
/* End PBXTargetDependency section */

/* Begin XCBuildConfiguration section */
		CE40360C1A5DC14E0084C9DC /* Debug */ = {
			isa = XCBuildConfiguration;
			buildSettings = {
				ALWAYS_SEARCH_USER_PATHS = NO;
				CLANG_CXX_LANGUAGE_STANDARD = "gnu++0x";
				CLANG_CXX_LIBRARY = "libc++";
				CLANG_ENABLE_MODULES = YES;
				CLANG_ENABLE_OBJC_ARC = YES;
				CLANG_WARN_BOOL_CONVERSION = YES;
				CLANG_WARN_CONSTANT_CONVERSION = YES;
				CLANG_WARN_DIRECT_OBJC_ISA_USAGE = YES_ERROR;
				CLANG_WARN_EMPTY_BODY = YES;
				CLANG_WARN_ENUM_CONVERSION = YES;
				CLANG_WARN_INT_CONVERSION = YES;
				CLANG_WARN_OBJC_ROOT_CLASS = YES_ERROR;
				CLANG_WARN_UNREACHABLE_CODE = YES;
				CLANG_WARN__DUPLICATE_METHOD_MATCH = YES;
				"CODE_SIGN_IDENTITY[sdk=iphoneos*]" = "iPhone Developer";
				COPY_PHASE_STRIP = NO;
				ENABLE_STRICT_OBJC_MSGSEND = YES;
				GCC_C_LANGUAGE_STANDARD = gnu99;
				GCC_DYNAMIC_NO_PIC = NO;
				GCC_OPTIMIZATION_LEVEL = 0;
				GCC_PREPROCESSOR_DEFINITIONS = (
					"DEBUG=1",
					"$(inherited)",
				);
				GCC_SYMBOLS_PRIVATE_EXTERN = NO;
				GCC_WARN_64_TO_32_BIT_CONVERSION = YES;
				GCC_WARN_ABOUT_RETURN_TYPE = YES_ERROR;
				GCC_WARN_UNDECLARED_SELECTOR = YES;
				GCC_WARN_UNINITIALIZED_AUTOS = YES_AGGRESSIVE;
				GCC_WARN_UNUSED_FUNCTION = YES;
				GCC_WARN_UNUSED_VARIABLE = YES;
				IPHONEOS_DEPLOYMENT_TARGET = 8.1;
				MTL_ENABLE_DEBUG_INFO = YES;
				ONLY_ACTIVE_ARCH = YES;
				SDKROOT = iphoneos;
			};
			name = Debug;
		};
		CE40360D1A5DC14E0084C9DC /* Release */ = {
			isa = XCBuildConfiguration;
			buildSettings = {
				ALWAYS_SEARCH_USER_PATHS = NO;
				CLANG_CXX_LANGUAGE_STANDARD = "gnu++0x";
				CLANG_CXX_LIBRARY = "libc++";
				CLANG_ENABLE_MODULES = YES;
				CLANG_ENABLE_OBJC_ARC = YES;
				CLANG_WARN_BOOL_CONVERSION = YES;
				CLANG_WARN_CONSTANT_CONVERSION = YES;
				CLANG_WARN_DIRECT_OBJC_ISA_USAGE = YES_ERROR;
				CLANG_WARN_EMPTY_BODY = YES;
				CLANG_WARN_ENUM_CONVERSION = YES;
				CLANG_WARN_INT_CONVERSION = YES;
				CLANG_WARN_OBJC_ROOT_CLASS = YES_ERROR;
				CLANG_WARN_UNREACHABLE_CODE = YES;
				CLANG_WARN__DUPLICATE_METHOD_MATCH = YES;
				"CODE_SIGN_IDENTITY[sdk=iphoneos*]" = "iPhone Developer";
				COPY_PHASE_STRIP = YES;
				ENABLE_NS_ASSERTIONS = NO;
				ENABLE_STRICT_OBJC_MSGSEND = YES;
				GCC_C_LANGUAGE_STANDARD = gnu99;
				GCC_WARN_64_TO_32_BIT_CONVERSION = YES;
				GCC_WARN_ABOUT_RETURN_TYPE = YES_ERROR;
				GCC_WARN_UNDECLARED_SELECTOR = YES;
				GCC_WARN_UNINITIALIZED_AUTOS = YES_AGGRESSIVE;
				GCC_WARN_UNUSED_FUNCTION = YES;
				GCC_WARN_UNUSED_VARIABLE = YES;
				IPHONEOS_DEPLOYMENT_TARGET = 8.1;
				MTL_ENABLE_DEBUG_INFO = NO;
				SDKROOT = iphoneos;
				VALIDATE_PRODUCT = YES;
			};
			name = Release;
		};
		CE40360F1A5DC14E0084C9DC /* Debug */ = {
			isa = XCBuildConfiguration;
			buildSettings = {
				ASSETCATALOG_COMPILER_APPICON_NAME = AppIcon;
				INFOPLIST_FILE = KRPulsingOverlayViewDemo/Info.plist;
				LD_RUNPATH_SEARCH_PATHS = "$(inherited) @executable_path/Frameworks";
				PRODUCT_NAME = "$(TARGET_NAME)";
			};
			name = Debug;
		};
		CE4036101A5DC14E0084C9DC /* Release */ = {
			isa = XCBuildConfiguration;
			buildSettings = {
				ASSETCATALOG_COMPILER_APPICON_NAME = AppIcon;
				INFOPLIST_FILE = KRPulsingOverlayViewDemo/Info.plist;
				LD_RUNPATH_SEARCH_PATHS = "$(inherited) @executable_path/Frameworks";
				PRODUCT_NAME = "$(TARGET_NAME)";
			};
			name = Release;
		};
		CE4036121A5DC14E0084C9DC /* Debug */ = {
			isa = XCBuildConfiguration;
			buildSettings = {
				BUNDLE_LOADER = "$(TEST_HOST)";
				FRAMEWORK_SEARCH_PATHS = (
					"$(SDKROOT)/Developer/Library/Frameworks",
					"$(inherited)",
				);
				GCC_PREPROCESSOR_DEFINITIONS = (
					"DEBUG=1",
					"$(inherited)",
				);
				INFOPLIST_FILE = KRPulsingOverlayViewDemoTests/Info.plist;
				LD_RUNPATH_SEARCH_PATHS = "$(inherited) @executable_path/Frameworks @loader_path/Frameworks";
				PRODUCT_NAME = "$(TARGET_NAME)";
				TEST_HOST = "$(BUILT_PRODUCTS_DIR)/KRPulsingOverlayViewDemo.app/KRPulsingOverlayViewDemo";
			};
			name = Debug;
		};
		CE4036131A5DC14E0084C9DC /* Release */ = {
			isa = XCBuildConfiguration;
			buildSettings = {
				BUNDLE_LOADER = "$(TEST_HOST)";
				FRAMEWORK_SEARCH_PATHS = (
					"$(SDKROOT)/Developer/Library/Frameworks",
					"$(inherited)",
				);
				INFOPLIST_FILE = KRPulsingOverlayViewDemoTests/Info.plist;
				LD_RUNPATH_SEARCH_PATHS = "$(inherited) @executable_path/Frameworks @loader_path/Frameworks";
				PRODUCT_NAME = "$(TARGET_NAME)";
				TEST_HOST = "$(BUILT_PRODUCTS_DIR)/KRPulsingOverlayViewDemo.app/KRPulsingOverlayViewDemo";
			};
			name = Release;
		};
/* End XCBuildConfiguration section */

/* Begin XCConfigurationList section */
		CE4035E61A5DC14E0084C9DC /* Build configuration list for PBXProject "KRPulsingOverlayViewDemo" */ = {
			isa = XCConfigurationList;
			buildConfigurations = (
				CE40360C1A5DC14E0084C9DC /* Debug */,
				CE40360D1A5DC14E0084C9DC /* Release */,
			);
			defaultConfigurationIsVisible = 0;
			defaultConfigurationName = Release;
		};
		CE40360E1A5DC14E0084C9DC /* Build configuration list for PBXNativeTarget "KRPulsingOverlayViewDemo" */ = {
			isa = XCConfigurationList;
			buildConfigurations = (
				CE40360F1A5DC14E0084C9DC /* Debug */,
				CE4036101A5DC14E0084C9DC /* Release */,
			);
			defaultConfigurationIsVisible = 0;
		};
		CE4036111A5DC14E0084C9DC /* Build configuration list for PBXNativeTarget "KRPulsingOverlayViewDemoTests" */ = {
			isa = XCConfigurationList;
			buildConfigurations = (
				CE4036121A5DC14E0084C9DC /* Debug */,
				CE4036131A5DC14E0084C9DC /* Release */,
			);
			defaultConfigurationIsVisible = 0;
		};
/* End XCConfigurationList section */
	};
	rootObject = CE4035E31A5DC14E0084C9DC /* Project object */;
}
